
Microsoft Visual Studio Solution File, Format Version 12.00
# Visual Studio Version 17
VisualStudioVersion = 17.7.34202.233
MinimumVisualStudioVersion = 10.0.40219.1
Project("{9A19103F-16F7-4668-BE54-9A1E7A4F7556}") = "WebAPI", "WebAPI.csproj", "{91C3A209-2D57-488D-B5E0-F0C676F6D0DE}"
EndProject
Global
	GlobalSection(SolutionConfigurationPlatforms) = preSolution
		Debug|Any CPU = Debug|Any CPU
		Release|Any CPU = Release|Any CPU
	EndGlobalSection
	GlobalSection(ProjectConfigurationPlatforms) = postSolution
		{91C3A209-2D57-488D-B5E0-F0C676F6D0DE}.Debug|Any CPU.ActiveCfg = Debug|Any CPU
		{91C3A209-2D57-488D-B5E0-F0C676F6D0DE}.Debug|Any CPU.Build.0 = Debug|Any CPU
		{91C3A209-2D57-488D-B5E0-F0C676F6D0DE}.Release|Any CPU.ActiveCfg = Release|Any CPU
		{91C3A209-2D57-488D-B5E0-F0C676F6D0DE}.Release|Any CPU.Build.0 = Release|Any CPU
	EndGlobalSection
	GlobalSection(SolutionProperties) = preSolution
		HideSolutionNode = FALSE
	EndGlobalSection
	GlobalSection(ExtensibilityGlobals) = postSolution
		SolutionGuid = {D7C42ADC-5130-4CD5-AB6B-3C4D5274989D}
	EndGlobalSection
EndGlobal
